// !$*UTF8*$!
{
	archiveVersion = 1;
	classes = {
	};
	objectVersion = 46;
	objects = {

/* Begin PBXBuildFile section */
		876D680F1E13EA7800D1B41C /* AppDelegate.swift in Sources */ = {isa = PBXBuildFile; fileRef = 876D680E1E13EA7800D1B41C /* AppDelegate.swift */; };
		876D68111E13EA7800D1B41C /* ViewController.swift in Sources */ = {isa = PBXBuildFile; fileRef = 876D68101E13EA7800D1B41C /* ViewController.swift */; };
		876D68141E13EA7800D1B41C /* Main.storyboard in Resources */ = {isa = PBXBuildFile; fileRef = 876D68121E13EA7800D1B41C /* Main.storyboard */; };
		876D68161E13EA7800D1B41C /* Assets.xcassets in Resources */ = {isa = PBXBuildFile; fileRef = 876D68151E13EA7800D1B41C /* Assets.xcassets */; };
		876D68191E13EA7800D1B41C /* LaunchScreen.storyboard in Resources */ = {isa = PBXBuildFile; fileRef = 876D68171E13EA7800D1B41C /* LaunchScreen.storyboard */; };
/* End PBXBuildFile section */

/* Begin PBXFileReference section */
		876D680B1E13EA7800D1B41C /* Testingmyskills.app */ = {isa = PBXFileReference; explicitFileType = wrapper.application; includeInIndex = 0; path = Testingmyskills.app; sourceTree = BUILT_PRODUCTS_DIR; };
		876D680E1E13EA7800D1B41C /* AppDelegate.swift */ = {isa = PBXFileReference; lastKnownFileType = sourcecode.swift; path = AppDelegate.swift; sourceTree = "<group>"; };
		876D68101E13EA7800D1B41C /* ViewController.swift */ = {isa = PBXFileReference; lastKnownFileType = sourcecode.swift; path = ViewController.swift; sourceTree = "<group>"; };
		876D68131E13EA7800D1B41C /* Base */ = {isa = PBXFileReference; lastKnownFileType = file.storyboard; name = Base; path = Base.lproj/Main.storyboard; sourceTree = "<group>"; };
		876D68151E13EA7800D1B41C /* Assets.xcassets */ = {isa = PBXFileReference; lastKnownFileType = folder.assetcatalog; path = Assets.xcassets; sourceTree = "<group>"; };
		876D68181E13EA7800D1B41C /* Base */ = {isa = PBXFileReference; lastKnownFileType = file.storyboard; name = Base; path = Base.lproj/LaunchScreen.storyboard; sourceTree = "<group>"; };
		876D681A1E13EA7800D1B41C /* Info.plist */ = {isa = PBXFileReference; lastKnownFileType = text.plist.xml; path = Info.plist; sourceTree = "<group>"; };
/* End PBXFileReference section */

/* Begin PBXFrameworksBuildPhase section */
		876D68081E13EA7800D1B41C /* Frameworks */ = {
			isa = PBXFrameworksBuildPhase;
			buildActionMask = 2147483647;
			files = (
			);
			runOnlyForDeploymentPostprocessing = 0;
		};
/* End PBXFrameworksBuildPhase section */

/* Begin PBXGroup section */
		876D68021E13EA7800D1B41C = {
			isa = PBXGroup;
			children = (
				876D680D1E13EA7800D1B41C /* Testingmyskills */,
				876D680C1E13EA7800D1B41C /* Products */,
			);
			sourceTree = "<group>";
		};
		876D680C1E13EA7800D1B41C /* Products */ = {
			isa = PBXGroup;
			children = (
				876D680B1E13EA7800D1B41C /* Testingmyskills.app */,
			);
			name = Products;
			sourceTree = "<group>";
		};
		876D680D1E13EA7800D1B41C /* Testingmyskills */ = {
			isa = PBXGroup;
			children = (
				876D680E1E13EA7800D1B41C /* AppDelegate.swift */,
				876D68101E13EA7800D1B41C /* ViewController.swift */,
				876D68121E13EA7800D1B41C /* Main.storyboard */,
				876D68151E13EA7800D1B41C /* Assets.xcassets */,
				876D68171E13EA7800D1B41C /* LaunchScreen.storyboard */,
				876D681A1E13EA7800D1B41C /* Info.plist */,
			);
			path = Testingmyskills;
			sourceTree = "<group>";
		};
/* End PBXGroup section */

/* Begin PBXNativeTarget section */
		876D680A1E13EA7800D1B41C /* Testingmyskills */ = {
			isa = PBXNativeTarget;
			buildConfigurationList = 876D681D1E13EA7800D1B41C /* Build configuration list for PBXNativeTarget "Testingmyskills" */;
			buildPhases = (
				876D68071E13EA7800D1B41C /* Sources */,
				876D68081E13EA7800D1B41C /* Frameworks */,
				876D68091E13EA7800D1B41C /* Resources */,
			);
			buildRules = (
			);
			dependencies = (
			);
			name = Testingmyskills;
			productName = Testingmyskills;
			productReference = 876D680B1E13EA7800D1B41C /* Testingmyskills.app */;
			productType = "com.apple.product-type.application";
		};
/* End PBXNativeTarget section */

/* Begin PBXProject section */
		876D68031E13EA7800D1B41C /* Project object */ = {
			isa = PBXProject;
			attributes = {
				LastSwiftUpdateCheck = 0820;
				LastUpgradeCheck = 0820;
				ORGANIZATIONNAME = "Jakov Tiefenbach";
				TargetAttributes = {
					876D680A1E13EA7800D1B41C = {
						CreatedOnToolsVersion = 8.2;
						ProvisioningStyle = Automatic;
					};
				};
			};
			buildConfigurationList = 876D68061E13EA7800D1B41C /* Build configuration list for PBXProject "Testingmyskills" */;
			compatibilityVersion = "Xcode 3.2";
			developmentRegion = English;
			hasScannedForEncodings = 0;
			knownRegions = (
				en,
				Base,
			);
			mainGroup = 876D68021E13EA7800D1B41C;
			productRefGroup = 876D680C1E13EA7800D1B41C /* Products */;
			projectDirPath = "";
			projectRoot = "";
			targets = (
				876D680A1E13EA7800D1B41C /* Testingmyskills */,
			);
		};
/* End PBXProject section */

/* Begin PBXResourcesBuildPhase section */
		876D68091E13EA7800D1B41C /* Resources */ = {
			isa = PBXResourcesBuildPhase;
			buildActionMask = 2147483647;
			files = (
				876D68191E13EA7800D1B41C /* LaunchScreen.storyboard in Resources */,
				876D68161E13EA7800D1B41C /* Assets.xcassets in Resources */,
				876D68141E13EA7800D1B41C /* Main.storyboard in Resources */,
			);
			runOnlyForDeploymentPostprocessing = 0;
		};
/* End PBXResourcesBuildPhase section */

/* Begin PBXSourcesBuildPhase section */
		876D68071E13EA7800D1B41C /* Sources */ = {
			isa = PBXSourcesBuildPhase;
			buildActionMask = 2147483647;
			files = (
				876D68111E13EA7800D1B41C /* ViewController.swift in Sources */,
				876D680F1E13EA7800D1B41C /* AppDelegate.swift in Sources */,
			);
			runOnlyForDeploymentPostprocessing = 0;
		};
/* End PBXSourcesBuildPhase section */

/* Begin PBXVariantGroup section */
		876D68121E13EA7800D1B41C /* Main.storyboard */ = {
			isa = PBXVariantGroup;
			children = (
				876D68131E13EA7800D1B41C /* Base */,
			);
			name = Main.storyboard;
			sourceTree = "<group>";
		};
		876D68171E13EA7800D1B41C /* LaunchScreen.storyboard */ = {
			isa = PBXVariantGroup;
			children = (
				876D68181E13EA7800D1B41C /* Base */,
			);
			name = LaunchScreen.storyboard;
			sourceTree = "<group>";
		};
/* End PBXVariantGroup section */

/* Begin XCBuildConfiguration section */
		876D681B1E13EA7800D1B41C /* Debug */ = {
			isa = XCBuildConfiguration;
			buildSettings = {
				ALWAYS_SEARCH_USER_PATHS = NO;
				CLANG_ANALYZER_NONNULL = YES;
				CLANG_CXX_LANGUAGE_STANDARD = "gnu++0x";
				CLANG_CXX_LIBRARY = "libc++";
				CLANG_ENABLE_MODULES = YES;
				CLANG_ENABLE_OBJC_ARC = YES;
				CLANG_WARN_BOOL_CONVERSION = YES;
				CLANG_WARN_CONSTANT_CONVERSION = YES;
				CLANG_WARN_DIRECT_OBJC_ISA_USAGE = YES_ERROR;
				CLANG_WARN_DOCUMENTATION_COMMENTS = YES;
				CLANG_WARN_EMPTY_BODY = YES;
				CLANG_WARN_ENUM_CONVERSION = YES;
				CLANG_WARN_INFINITE_RECURSION = YES;
				CLANG_WARN_INT_CONVERSION = YES;
				CLANG_WARN_OBJC_ROOT_CLASS = YES_ERROR;
				CLANG_WARN_SUSPICIOUS_MOVE = YES;
				CLANG_WARN_UNREACHABLE_CODE = YES;
				CLANG_WARN__DUPLICATE_METHOD_MATCH = YES;
				"CODE_SIGN_IDENTITY[sdk=iphoneos*]" = "iPhone Developer";
				COPY_PHASE_STRIP = NO;
				DEBUG_INFORMATION_FORMAT = dwarf;
				ENABLE_STRICT_OBJC_MSGSEND = YES;
				ENABLE_TESTABILITY = YES;
				GCC_C_LANGUAGE_STANDARD = gnu99;
				GCC_DYNAMIC_NO_PIC = NO;
				GCC_NO_COMMON_BLOCKS = YES;
				GCC_OPTIMIZATION_LEVEL = 0;
				GCC_PREPROCESSOR_DEFINITIONS = (
					"DEBUG=1",
					"$(inherited)",
				);
				GCC_WARN_64_TO_32_BIT_CONVERSION = YES;
				GCC_WARN_ABOUT_RETURN_TYPE = YES_ERROR;
				GCC_WARN_UNDECLARED_SELECTOR = YES;
				GCC_WARN_UNINITIALIZED_AUTOS = YES_AGGRESSIVE;
				GCC_WARN_UNUSED_FUNCTION = YES;
				GCC_WARN_UNUSED_VARIABLE = YES;
				IPHONEOS_DEPLOYMENT_TARGET = 10.2;
				MTL_ENABLE_DEBUG_INFO = YES;
				ONLY_ACTIVE_ARCH = YES;
				SDKROOT = iphoneos;
				SWIFT_ACTIVE_COMPILATION_CONDITIONS = DEBUG;
				SWIFT_OPTIMIZATION_LEVEL = "-Onone";
				TARGETED_DEVICE_FAMILY = "1,2";
			};
			name = Debug;
		};
		876D681C1E13EA7800D1B41C /* Release */ = {
			isa = XCBuildConfiguration;
			buildSettings = {
				ALWAYS_SEARCH_USER_PATHS = NO;
				CLANG_ANALYZER_NONNULL = YES;
				CLANG_CXX_LANGUAGE_STANDARD = "gnu++0x";
				CLANG_CXX_LIBRARY = "libc++";
				CLANG_ENABLE_MODULES = YES;
				CLANG_ENABLE_OBJC_ARC = YES;
				CLANG_WARN_BOOL_CONVERSION = YES;
				CLANG_WARN_CONSTANT_CONVERSION = YES;
				CLANG_WARN_DIRECT_OBJC_ISA_USAGE = YES_ERROR;
				CLANG_WARN_DOCUMENTATION_COMMENTS = YES;
				CLANG_WARN_EMPTY_BODY = YES;
				CLANG_WARN_ENUM_CONVERSION = YES;
				CLANG_WARN_INFINITE_RECURSION = YES;
				CLANG_WARN_INT_CONVERSION = YES;
				CLANG_WARN_OBJC_ROOT_CLASS = YES_ERROR;
				CLANG_WARN_SUSPICIOUS_MOVE = YES;
				CLANG_WARN_UNREACHABLE_CODE = YES;
				CLANG_WARN__DUPLICATE_METHOD_MATCH = YES;
				"CODE_SIGN_IDENTITY[sdk=iphoneos*]" = "iPhone Developer";
				COPY_PHASE_STRIP = NO;
				DEBUG_INFORMATION_FORMAT = "dwarf-with-dsym";
				ENABLE_NS_ASSERTIONS = NO;
				ENABLE_STRICT_OBJC_MSGSEND = YES;
				GCC_C_LANGUAGE_STANDARD = gnu99;
				GCC_NO_COMMON_BLOCKS = YES;
				GCC_WARN_64_TO_32_BIT_CONVERSION = YES;
				GCC_WARN_ABOUT_RETURN_TYPE = YES_ERROR;
				GCC_WARN_UNDECLARED_SELECTOR = YES;
				GCC_WARN_UNINITIALIZED_AUTOS = YES_AGGRESSIVE;
				GCC_WARN_UNUSED_FUNCTION = YES;
				GCC_WARN_UNUSED_VARIABLE = YES;
				IPHONEOS_DEPLOYMENT_TARGET = 10.2;
				MTL_ENABLE_DEBUG_INFO = NO;
				SDKROOT = iphoneos;
				SWIFT_OPTIMIZATION_LEVEL = "-Owholemodule";
				TARGETED_DEVICE_FAMILY = "1,2";
				VALIDATE_PRODUCT = YES;
			};
			name = Release;
		};
		876D681E1E13EA7800D1B41C /* Debug */ = {
			isa = XCBuildConfiguration;
			buildSettings = {
				ASSETCATALOG_COMPILER_APPICON_NAME = AppIcon;
				INFOPLIST_FILE = Testingmyskills/Info.plist;
				LD_RUNPATH_SEARCH_PATHS = "$(inherited) @executable_path/Frameworks";
				PRODUCT_BUNDLE_IDENTIFIER = a.Testingmyskills;
				PRODUCT_NAME = "$(TARGET_NAME)";
				SWIFT_VERSION = 3.0;
			};
			name = Debug;
		};
		876D681F1E13EA7800D1B41C /* Release */ = {
			isa = XCBuildConfiguration;
			buildSettings = {
				ASSETCATALOG_COMPILER_APPICON_NAME = AppIcon;
				INFOPLIST_FILE = Testingmyskills/Info.plist;
				LD_RUNPATH_SEARCH_PATHS = "$(inherited) @executable_path/Frameworks";
				PRODUCT_BUNDLE_IDENTIFIER = a.Testingmyskills;
				PRODUCT_NAME = "$(TARGET_NAME)";
				SWIFT_VERSION = 3.0;
			};
			name = Release;
		};
/* End XCBuildConfiguration section */

/* Begin XCConfigurationList section */
		876D68061E13EA7800D1B41C /* Build configuration list for PBXProject "Testingmyskills" */ = {
			isa = XCConfigurationList;
			buildConfigurations = (
				876D681B1E13EA7800D1B41C /* Debug */,
				876D681C1E13EA7800D1B41C /* Release */,
			);
			defaultConfigurationIsVisible = 0;
			defaultConfigurationName = Release;
		};
		876D681D1E13EA7800D1B41C /* Build configuration list for PBXNativeTarget "Testingmyskills" */ = {
			isa = XCConfigurationList;
			buildConfigurations = (
				876D681E1E13EA7800D1B41C /* Debug */,
				876D681F1E13EA7800D1B41C /* Release */,
			);
			defaultConfigurationIsVisible = 0;
		};
/* End XCConfigurationList section */
	};
	rootObject = 876D68031E13EA7800D1B41C /* Project object */;
}
